
Microsoft Visual Studio Solution File, Format Version 12.00
# Visual Studio 14
VisualStudioVersion = 14.0.24720.0
MinimumVisualStudioVersion = 10.0.40219.1
Project("{2150E333-8FDC-42A3-9474-1A3956D46DE8}") = "src", "src", "{41488BBC-7C29-4610-9CB1-03CB8AA5942D}"
EndProject
Project("{2150E333-8FDC-42A3-9474-1A3956D46DE8}") = "Solution Items", "Solution Items", "{6DE3BFE7-E892-4A61-926F-364D9F94FAAC}"
	ProjectSection(SolutionItems) = preProject
		global.json = global.json
	EndProjectSection
EndProject
Project("{8BB2217D-0F2D-49D1-97BC-3654ED321F3B}") = "KakiBoard.API", "src\KakiBoard.API\KakiBoard.API.xproj", "{61BA0D7D-455D-4D1B-9A01-427C5969B679}"
EndProject
Project("{8BB2217D-0F2D-49D1-97BC-3654ED321F3B}") = "KakiBoard.WEB", "src\KakiBoard.WEB\KakiBoard.WEB.xproj", "{50693EB9-2D1B-4541-BF14-2F6854506E9E}"
EndProject
Project("{FAE04EC0-301F-11D3-BF4B-00C04F79EFBC}") = "KakiBoard.Data", "KakiBoard.Data\KakiBoard.Data.csproj", "{BAA2BCAC-E449-4D49-BFB4-ACAF57074E0D}"
EndProject
Global
	GlobalSection(SolutionConfigurationPlatforms) = preSolution
		Debug|Any CPU = Debug|Any CPU
		Release|Any CPU = Release|Any CPU
	EndGlobalSection
	GlobalSection(ProjectConfigurationPlatforms) = postSolution
		{61BA0D7D-455D-4D1B-9A01-427C5969B679}.Debug|Any CPU.ActiveCfg = Debug|Any CPU
		{61BA0D7D-455D-4D1B-9A01-427C5969B679}.Debug|Any CPU.Build.0 = Debug|Any CPU
		{61BA0D7D-455D-4D1B-9A01-427C5969B679}.Release|Any CPU.ActiveCfg = Release|Any CPU
		{61BA0D7D-455D-4D1B-9A01-427C5969B679}.Release|Any CPU.Build.0 = Release|Any CPU
		{50693EB9-2D1B-4541-BF14-2F6854506E9E}.Debug|Any CPU.ActiveCfg = Debug|Any CPU
		{50693EB9-2D1B-4541-BF14-2F6854506E9E}.Debug|Any CPU.Build.0 = Debug|Any CPU
		{50693EB9-2D1B-4541-BF14-2F6854506E9E}.Release|Any CPU.ActiveCfg = Release|Any CPU
		{50693EB9-2D1B-4541-BF14-2F6854506E9E}.Release|Any CPU.Build.0 = Release|Any CPU
		{BAA2BCAC-E449-4D49-BFB4-ACAF57074E0D}.Debug|Any CPU.ActiveCfg = Debug|Any CPU
		{BAA2BCAC-E449-4D49-BFB4-ACAF57074E0D}.Debug|Any CPU.Build.0 = Debug|Any CPU
		{BAA2BCAC-E449-4D49-BFB4-ACAF57074E0D}.Release|Any CPU.ActiveCfg = Release|Any CPU
		{BAA2BCAC-E449-4D49-BFB4-ACAF57074E0D}.Release|Any CPU.Build.0 = Release|Any CPU
	EndGlobalSection
	GlobalSection(SolutionProperties) = preSolution
		HideSolutionNode = FALSE
	EndGlobalSection
	GlobalSection(NestedProjects) = preSolution
		{61BA0D7D-455D-4D1B-9A01-427C5969B679} = {41488BBC-7C29-4610-9CB1-03CB8AA5942D}
		{50693EB9-2D1B-4541-BF14-2F6854506E9E} = {41488BBC-7C29-4610-9CB1-03CB8AA5942D}
		{BAA2BCAC-E449-4D49-BFB4-ACAF57074E0D} = {41488BBC-7C29-4610-9CB1-03CB8AA5942D}
	EndGlobalSection
EndGlobal
