
Microsoft Visual Studio Solution File, Format Version 12.00
# Visual Studio 14
VisualStudioVersion = 14.0.24720.0
MinimumVisualStudioVersion = 10.0.40219.1
Project("{2150E333-8FDC-42A3-9474-1A3956D46DE8}") = "src", "src", "{BCDE3D26-339F-4A21-94C0-12AF6ACB23E4}"
EndProject
Project("{2150E333-8FDC-42A3-9474-1A3956D46DE8}") = "Solution Items", "Solution Items", "{24962FA4-D4D1-472D-AFDE-1AE307441CD1}"
	ProjectSection(SolutionItems) = preProject
		global.json = global.json
	EndProjectSection
EndProject
Project("{8BB2217D-0F2D-49D1-97BC-3654ED321F3B}") = "KakiBoard.API", "src\KakiBoard.API\KakiBoard.API.xproj", "{285DFED8-9792-4EAD-AD01-C89AF2514C90}"
EndProject
Project("{8BB2217D-0F2D-49D1-97BC-3654ED321F3B}") = "KakiBoard.Web", "src\KakiBoard.Web\KakiBoard.Web.xproj", "{42AF51C7-42FB-47D4-BF13-634CAE0F96CC}"
EndProject
Project("{2150E333-8FDC-42A3-9474-1A3956D46DE8}") = "1 - Presentation", "1 - Presentation", "{6FDDE0DE-2BCB-401B-9CA4-BAA6C32263CA}"
EndProject
Project("{2150E333-8FDC-42A3-9474-1A3956D46DE8}") = "2 - Application Service", "2 - Application Service", "{4C9A82B6-16EF-4456-9AE1-78C8A612AD07}"
EndProject
Project("{2150E333-8FDC-42A3-9474-1A3956D46DE8}") = "3 - Domain", "3 - Domain", "{4ED936F5-7CED-44B0-B171-CB17142A1C8B}"
EndProject
Project("{2150E333-8FDC-42A3-9474-1A3956D46DE8}") = "4 - Infrastructure", "4 - Infrastructure", "{D07264C9-9A98-4C6D-9696-0A5D753EAC47}"
EndProject
Project("{2150E333-8FDC-42A3-9474-1A3956D46DE8}") = "5 - Tests", "5 - Tests", "{4CD0810B-382D-4D81-9EDF-98D329A18923}"
EndProject
Project("{8BB2217D-0F2D-49D1-97BC-3654ED321F3B}") = "KakiBoard.Infrastructure", "src\KakiBoard.Infrastructure\KakiBoard.Infrastructure.xproj", "{C15A0E74-EF27-4D0C-B9FC-5ABD7ABA3D7C}"
EndProject
Project("{8BB2217D-0F2D-49D1-97BC-3654ED321F3B}") = "KakiBoard.CrossCutting", "src\KakiBoard.CrossCutting\KakiBoard.CrossCutting.xproj", "{71326AC6-9973-467F-B4ED-03D61792DF75}"
EndProject
Project("{8BB2217D-0F2D-49D1-97BC-3654ED321F3B}") = "KakiBoard.Domain", "src\KakiBoard.Domain\KakiBoard.Domain.xproj", "{A6BC09D8-740C-4FDB-A693-3EEF838B12ED}"
EndProject
Project("{8BB2217D-0F2D-49D1-97BC-3654ED321F3B}") = "KakiBoard.SharedKernel", "src\KakiBoard.SharedKernel\KakiBoard.SharedKernel.xproj", "{B651999F-6B39-420D-B3BF-0C9C501F0FEE}"
EndProject
Project("{8BB2217D-0F2D-49D1-97BC-3654ED321F3B}") = "KakiBoard.ApplicationService", "src\KakiBoard.ApplicationService\KakiBoard.ApplicationService.xproj", "{0BB5D497-4CB7-4362-81B7-0546D8126B22}"
EndProject
Project("{FAE04EC0-301F-11D3-BF4B-00C04F79EFBC}") = "KakiBoard.Domain.Tests", "src\KakiBoard.Domain.Tests\KakiBoard.Domain.Tests.csproj", "{3F068E36-90C6-4E37-BB95-2A59C0CEA26D}"
EndProject
Global
	GlobalSection(SolutionConfigurationPlatforms) = preSolution
		Debug|Any CPU = Debug|Any CPU
		Release|Any CPU = Release|Any CPU
	EndGlobalSection
	GlobalSection(ProjectConfigurationPlatforms) = postSolution
		{285DFED8-9792-4EAD-AD01-C89AF2514C90}.Debug|Any CPU.ActiveCfg = Debug|Any CPU
		{285DFED8-9792-4EAD-AD01-C89AF2514C90}.Debug|Any CPU.Build.0 = Debug|Any CPU
		{285DFED8-9792-4EAD-AD01-C89AF2514C90}.Release|Any CPU.ActiveCfg = Release|Any CPU
		{285DFED8-9792-4EAD-AD01-C89AF2514C90}.Release|Any CPU.Build.0 = Release|Any CPU
		{42AF51C7-42FB-47D4-BF13-634CAE0F96CC}.Debug|Any CPU.ActiveCfg = Debug|Any CPU
		{42AF51C7-42FB-47D4-BF13-634CAE0F96CC}.Debug|Any CPU.Build.0 = Debug|Any CPU
		{42AF51C7-42FB-47D4-BF13-634CAE0F96CC}.Release|Any CPU.ActiveCfg = Release|Any CPU
		{42AF51C7-42FB-47D4-BF13-634CAE0F96CC}.Release|Any CPU.Build.0 = Release|Any CPU
		{C15A0E74-EF27-4D0C-B9FC-5ABD7ABA3D7C}.Debug|Any CPU.ActiveCfg = Debug|Any CPU
		{C15A0E74-EF27-4D0C-B9FC-5ABD7ABA3D7C}.Debug|Any CPU.Build.0 = Debug|Any CPU
		{C15A0E74-EF27-4D0C-B9FC-5ABD7ABA3D7C}.Release|Any CPU.ActiveCfg = Release|Any CPU
		{C15A0E74-EF27-4D0C-B9FC-5ABD7ABA3D7C}.Release|Any CPU.Build.0 = Release|Any CPU
		{71326AC6-9973-467F-B4ED-03D61792DF75}.Debug|Any CPU.ActiveCfg = Debug|Any CPU
		{71326AC6-9973-467F-B4ED-03D61792DF75}.Debug|Any CPU.Build.0 = Debug|Any CPU
		{71326AC6-9973-467F-B4ED-03D61792DF75}.Release|Any CPU.ActiveCfg = Release|Any CPU
		{71326AC6-9973-467F-B4ED-03D61792DF75}.Release|Any CPU.Build.0 = Release|Any CPU
		{A6BC09D8-740C-4FDB-A693-3EEF838B12ED}.Debug|Any CPU.ActiveCfg = Debug|Any CPU
		{A6BC09D8-740C-4FDB-A693-3EEF838B12ED}.Debug|Any CPU.Build.0 = Debug|Any CPU
		{A6BC09D8-740C-4FDB-A693-3EEF838B12ED}.Release|Any CPU.ActiveCfg = Release|Any CPU
		{A6BC09D8-740C-4FDB-A693-3EEF838B12ED}.Release|Any CPU.Build.0 = Release|Any CPU
		{B651999F-6B39-420D-B3BF-0C9C501F0FEE}.Debug|Any CPU.ActiveCfg = Debug|Any CPU
		{B651999F-6B39-420D-B3BF-0C9C501F0FEE}.Debug|Any CPU.Build.0 = Debug|Any CPU
		{B651999F-6B39-420D-B3BF-0C9C501F0FEE}.Release|Any CPU.ActiveCfg = Release|Any CPU
		{B651999F-6B39-420D-B3BF-0C9C501F0FEE}.Release|Any CPU.Build.0 = Release|Any CPU
		{0BB5D497-4CB7-4362-81B7-0546D8126B22}.Debug|Any CPU.ActiveCfg = Debug|Any CPU
		{0BB5D497-4CB7-4362-81B7-0546D8126B22}.Debug|Any CPU.Build.0 = Debug|Any CPU
		{0BB5D497-4CB7-4362-81B7-0546D8126B22}.Release|Any CPU.ActiveCfg = Release|Any CPU
		{0BB5D497-4CB7-4362-81B7-0546D8126B22}.Release|Any CPU.Build.0 = Release|Any CPU
		{3F068E36-90C6-4E37-BB95-2A59C0CEA26D}.Debug|Any CPU.ActiveCfg = Debug|Any CPU
		{3F068E36-90C6-4E37-BB95-2A59C0CEA26D}.Debug|Any CPU.Build.0 = Debug|Any CPU
		{3F068E36-90C6-4E37-BB95-2A59C0CEA26D}.Release|Any CPU.ActiveCfg = Release|Any CPU
		{3F068E36-90C6-4E37-BB95-2A59C0CEA26D}.Release|Any CPU.Build.0 = Release|Any CPU
	EndGlobalSection
	GlobalSection(SolutionProperties) = preSolution
		HideSolutionNode = FALSE
	EndGlobalSection
	GlobalSection(NestedProjects) = preSolution
		{285DFED8-9792-4EAD-AD01-C89AF2514C90} = {6FDDE0DE-2BCB-401B-9CA4-BAA6C32263CA}
		{42AF51C7-42FB-47D4-BF13-634CAE0F96CC} = {6FDDE0DE-2BCB-401B-9CA4-BAA6C32263CA}
		{6FDDE0DE-2BCB-401B-9CA4-BAA6C32263CA} = {BCDE3D26-339F-4A21-94C0-12AF6ACB23E4}
		{4C9A82B6-16EF-4456-9AE1-78C8A612AD07} = {BCDE3D26-339F-4A21-94C0-12AF6ACB23E4}
		{4ED936F5-7CED-44B0-B171-CB17142A1C8B} = {BCDE3D26-339F-4A21-94C0-12AF6ACB23E4}
		{D07264C9-9A98-4C6D-9696-0A5D753EAC47} = {BCDE3D26-339F-4A21-94C0-12AF6ACB23E4}
		{4CD0810B-382D-4D81-9EDF-98D329A18923} = {BCDE3D26-339F-4A21-94C0-12AF6ACB23E4}
		{C15A0E74-EF27-4D0C-B9FC-5ABD7ABA3D7C} = {D07264C9-9A98-4C6D-9696-0A5D753EAC47}
		{71326AC6-9973-467F-B4ED-03D61792DF75} = {D07264C9-9A98-4C6D-9696-0A5D753EAC47}
		{A6BC09D8-740C-4FDB-A693-3EEF838B12ED} = {4ED936F5-7CED-44B0-B171-CB17142A1C8B}
		{B651999F-6B39-420D-B3BF-0C9C501F0FEE} = {4ED936F5-7CED-44B0-B171-CB17142A1C8B}
		{0BB5D497-4CB7-4362-81B7-0546D8126B22} = {4C9A82B6-16EF-4456-9AE1-78C8A612AD07}
		{3F068E36-90C6-4E37-BB95-2A59C0CEA26D} = {4CD0810B-382D-4D81-9EDF-98D329A18923}
	EndGlobalSection
EndGlobal
