
Microsoft Visual Studio Solution File, Format Version 12.00
# Visual Studio 14
VisualStudioVersion = 14.0.24720.0
MinimumVisualStudioVersion = 10.0.40219.1
Project("{2150E333-8FDC-42A3-9474-1A3956D46DE8}") = "src", "src", "{BCDE3D26-339F-4A21-94C0-12AF6ACB23E4}"
EndProject
Project("{2150E333-8FDC-42A3-9474-1A3956D46DE8}") = "Solution Items", "Solution Items", "{24962FA4-D4D1-472D-AFDE-1AE307441CD1}"
	ProjectSection(SolutionItems) = preProject
		global.json = global.json
	EndProjectSection
EndProject
Project("{2150E333-8FDC-42A3-9474-1A3956D46DE8}") = "0 - Presentation", "0 - Presentation", "{6FDDE0DE-2BCB-401B-9CA4-BAA6C32263CA}"
EndProject
Project("{2150E333-8FDC-42A3-9474-1A3956D46DE8}") = "2 - Application Service", "2 - Application Service", "{4C9A82B6-16EF-4456-9AE1-78C8A612AD07}"
EndProject
Project("{2150E333-8FDC-42A3-9474-1A3956D46DE8}") = "3 - Domain", "3 - Domain", "{4ED936F5-7CED-44B0-B171-CB17142A1C8B}"
EndProject
Project("{2150E333-8FDC-42A3-9474-1A3956D46DE8}") = "4 - Infrastructure", "4 - Infrastructure", "{D07264C9-9A98-4C6D-9696-0A5D753EAC47}"
EndProject
Project("{2150E333-8FDC-42A3-9474-1A3956D46DE8}") = "5 - Tests", "5 - Tests", "{4CD0810B-382D-4D81-9EDF-98D329A18923}"
EndProject
Project("{FAE04EC0-301F-11D3-BF4B-00C04F79EFBC}") = "KakiBoard.Domain.Tests", "src\KakiBoard.Domain.Tests\KakiBoard.Domain.Tests.csproj", "{3F068E36-90C6-4E37-BB95-2A59C0CEA26D}"
EndProject
Project("{FAE04EC0-301F-11D3-BF4B-00C04F79EFBC}") = "KakiBoard.Domain", "src\KakiBoard.Domain\KakiBoard.Domain.csproj", "{7C64C24F-F8DF-4039-9D86-F86F3E4A018E}"
EndProject
Project("{FAE04EC0-301F-11D3-BF4B-00C04F79EFBC}") = "KakiBoard.ApplicationService", "src\KakiBoard.ApplicationService\KakiBoard.ApplicationService.csproj", "{42DE1CFA-D58A-4DE7-8291-9EEEF2D94733}"
EndProject
Project("{FAE04EC0-301F-11D3-BF4B-00C04F79EFBC}") = "KakiBoard.SharedKernel", "src\KakiBoard.SharedKernel\KakiBoard.SharedKernel.csproj", "{975513A5-3B93-4432-8132-6991F18EA56E}"
EndProject
Project("{FAE04EC0-301F-11D3-BF4B-00C04F79EFBC}") = "KakiBoard.Api", "src\KakiBoard.Api\KakiBoard.Api.csproj", "{45AA340C-2F7B-49AE-98BC-D917E009713C}"
EndProject
Project("{FAE04EC0-301F-11D3-BF4B-00C04F79EFBC}") = "KakiBoard.Web", "src\KakiBoard.Web\KakiBoard.Web.csproj", "{C09BA4BB-69B0-4149-865C-69BD9E67471F}"
EndProject
Project("{FAE04EC0-301F-11D3-BF4B-00C04F79EFBC}") = "KakiBoard.Infrastructure", "src\KakiBoard.Infrastructure\KakiBoard.Infrastructure.csproj", "{91A3D9FB-F4FD-4953-A06D-DBAA62C5827F}"
EndProject
Project("{FAE04EC0-301F-11D3-BF4B-00C04F79EFBC}") = "KakiBoard.CrossCutting", "src\KakiBoard.CrossCutting\KakiBoard.CrossCutting.csproj", "{9510CD72-9189-4643-9EBD-55734CAC5CAA}"
EndProject
Project("{2150E333-8FDC-42A3-9474-1A3956D46DE8}") = "1 - API", "1 - API", "{3A712DD3-6F7F-4C47-A0B9-2FF2DF18D36E}"
EndProject
Global
	GlobalSection(SolutionConfigurationPlatforms) = preSolution
		Debug|Any CPU = Debug|Any CPU
		Release|Any CPU = Release|Any CPU
	EndGlobalSection
	GlobalSection(ProjectConfigurationPlatforms) = postSolution
		{3F068E36-90C6-4E37-BB95-2A59C0CEA26D}.Debug|Any CPU.ActiveCfg = Debug|Any CPU
		{3F068E36-90C6-4E37-BB95-2A59C0CEA26D}.Debug|Any CPU.Build.0 = Debug|Any CPU
		{3F068E36-90C6-4E37-BB95-2A59C0CEA26D}.Release|Any CPU.ActiveCfg = Release|Any CPU
		{3F068E36-90C6-4E37-BB95-2A59C0CEA26D}.Release|Any CPU.Build.0 = Release|Any CPU
		{7C64C24F-F8DF-4039-9D86-F86F3E4A018E}.Debug|Any CPU.ActiveCfg = Debug|Any CPU
		{7C64C24F-F8DF-4039-9D86-F86F3E4A018E}.Debug|Any CPU.Build.0 = Debug|Any CPU
		{7C64C24F-F8DF-4039-9D86-F86F3E4A018E}.Release|Any CPU.ActiveCfg = Release|Any CPU
		{7C64C24F-F8DF-4039-9D86-F86F3E4A018E}.Release|Any CPU.Build.0 = Release|Any CPU
		{42DE1CFA-D58A-4DE7-8291-9EEEF2D94733}.Debug|Any CPU.ActiveCfg = Debug|Any CPU
		{42DE1CFA-D58A-4DE7-8291-9EEEF2D94733}.Debug|Any CPU.Build.0 = Debug|Any CPU
		{42DE1CFA-D58A-4DE7-8291-9EEEF2D94733}.Release|Any CPU.ActiveCfg = Release|Any CPU
		{42DE1CFA-D58A-4DE7-8291-9EEEF2D94733}.Release|Any CPU.Build.0 = Release|Any CPU
		{975513A5-3B93-4432-8132-6991F18EA56E}.Debug|Any CPU.ActiveCfg = Debug|Any CPU
		{975513A5-3B93-4432-8132-6991F18EA56E}.Debug|Any CPU.Build.0 = Debug|Any CPU
		{975513A5-3B93-4432-8132-6991F18EA56E}.Release|Any CPU.ActiveCfg = Release|Any CPU
		{975513A5-3B93-4432-8132-6991F18EA56E}.Release|Any CPU.Build.0 = Release|Any CPU
		{45AA340C-2F7B-49AE-98BC-D917E009713C}.Debug|Any CPU.ActiveCfg = Debug|Any CPU
		{45AA340C-2F7B-49AE-98BC-D917E009713C}.Debug|Any CPU.Build.0 = Debug|Any CPU
		{45AA340C-2F7B-49AE-98BC-D917E009713C}.Release|Any CPU.ActiveCfg = Release|Any CPU
		{45AA340C-2F7B-49AE-98BC-D917E009713C}.Release|Any CPU.Build.0 = Release|Any CPU
		{C09BA4BB-69B0-4149-865C-69BD9E67471F}.Debug|Any CPU.ActiveCfg = Debug|Any CPU
		{C09BA4BB-69B0-4149-865C-69BD9E67471F}.Debug|Any CPU.Build.0 = Debug|Any CPU
		{C09BA4BB-69B0-4149-865C-69BD9E67471F}.Release|Any CPU.ActiveCfg = Release|Any CPU
		{C09BA4BB-69B0-4149-865C-69BD9E67471F}.Release|Any CPU.Build.0 = Release|Any CPU
		{91A3D9FB-F4FD-4953-A06D-DBAA62C5827F}.Debug|Any CPU.ActiveCfg = Debug|Any CPU
		{91A3D9FB-F4FD-4953-A06D-DBAA62C5827F}.Debug|Any CPU.Build.0 = Debug|Any CPU
		{91A3D9FB-F4FD-4953-A06D-DBAA62C5827F}.Release|Any CPU.ActiveCfg = Release|Any CPU
		{91A3D9FB-F4FD-4953-A06D-DBAA62C5827F}.Release|Any CPU.Build.0 = Release|Any CPU
		{9510CD72-9189-4643-9EBD-55734CAC5CAA}.Debug|Any CPU.ActiveCfg = Debug|Any CPU
		{9510CD72-9189-4643-9EBD-55734CAC5CAA}.Debug|Any CPU.Build.0 = Debug|Any CPU
		{9510CD72-9189-4643-9EBD-55734CAC5CAA}.Release|Any CPU.ActiveCfg = Release|Any CPU
		{9510CD72-9189-4643-9EBD-55734CAC5CAA}.Release|Any CPU.Build.0 = Release|Any CPU
	EndGlobalSection
	GlobalSection(SolutionProperties) = preSolution
		HideSolutionNode = FALSE
	EndGlobalSection
	GlobalSection(NestedProjects) = preSolution
		{6FDDE0DE-2BCB-401B-9CA4-BAA6C32263CA} = {BCDE3D26-339F-4A21-94C0-12AF6ACB23E4}
		{4C9A82B6-16EF-4456-9AE1-78C8A612AD07} = {BCDE3D26-339F-4A21-94C0-12AF6ACB23E4}
		{4ED936F5-7CED-44B0-B171-CB17142A1C8B} = {BCDE3D26-339F-4A21-94C0-12AF6ACB23E4}
		{D07264C9-9A98-4C6D-9696-0A5D753EAC47} = {BCDE3D26-339F-4A21-94C0-12AF6ACB23E4}
		{4CD0810B-382D-4D81-9EDF-98D329A18923} = {BCDE3D26-339F-4A21-94C0-12AF6ACB23E4}
		{3F068E36-90C6-4E37-BB95-2A59C0CEA26D} = {4CD0810B-382D-4D81-9EDF-98D329A18923}
		{7C64C24F-F8DF-4039-9D86-F86F3E4A018E} = {4ED936F5-7CED-44B0-B171-CB17142A1C8B}
		{42DE1CFA-D58A-4DE7-8291-9EEEF2D94733} = {4C9A82B6-16EF-4456-9AE1-78C8A612AD07}
		{975513A5-3B93-4432-8132-6991F18EA56E} = {4ED936F5-7CED-44B0-B171-CB17142A1C8B}
		{45AA340C-2F7B-49AE-98BC-D917E009713C} = {3A712DD3-6F7F-4C47-A0B9-2FF2DF18D36E}
		{C09BA4BB-69B0-4149-865C-69BD9E67471F} = {6FDDE0DE-2BCB-401B-9CA4-BAA6C32263CA}
		{91A3D9FB-F4FD-4953-A06D-DBAA62C5827F} = {D07264C9-9A98-4C6D-9696-0A5D753EAC47}
		{9510CD72-9189-4643-9EBD-55734CAC5CAA} = {D07264C9-9A98-4C6D-9696-0A5D753EAC47}
		{3A712DD3-6F7F-4C47-A0B9-2FF2DF18D36E} = {BCDE3D26-339F-4A21-94C0-12AF6ACB23E4}
	EndGlobalSection
EndGlobal
